
Microsoft Visual Studio Solution File, Format Version 12.00
# Visual Studio 15
VisualStudioVersion = 15.0.28010.2046
MinimumVisualStudioVersion = 10.0.40219.1
Project("{FAE04EC0-301F-11D3-BF4B-00C04F79EFBC}") = "Vega", "Vega\Vega.csproj", "{578DCB36-4AB6-43FD-894F-6682E9F78228}"
EndProject
Global
	GlobalSection(SolutionConfigurationPlatforms) = preSolution
		Debug|Any CPU = Debug|Any CPU
		Release|Any CPU = Release|Any CPU
	EndGlobalSection
	GlobalSection(ProjectConfigurationPlatforms) = postSolution
		{578DCB36-4AB6-43FD-894F-6682E9F78228}.Debug|Any CPU.ActiveCfg = Debug|Any CPU
		{578DCB36-4AB6-43FD-894F-6682E9F78228}.Debug|Any CPU.Build.0 = Debug|Any CPU
		{578DCB36-4AB6-43FD-894F-6682E9F78228}.Release|Any CPU.ActiveCfg = Release|Any CPU
		{578DCB36-4AB6-43FD-894F-6682E9F78228}.Release|Any CPU.Build.0 = Release|Any CPU
	EndGlobalSection
	GlobalSection(SolutionProperties) = preSolution
		HideSolutionNode = FALSE
	EndGlobalSection
	GlobalSection(ExtensibilityGlobals) = postSolution
		SolutionGuid = {FB6AC5BA-CA7C-4935-B837-4140B08560E5}
	EndGlobalSection
EndGlobal
